// !$*UTF8*$!
{
	archiveVersion = 1;
	classes = {
	};
	objectVersion = 46;
	objects = {

/* Begin PBXBuildFile section */
		22CF116E0EE9A7700054F513 /* MaxAudioAPI.framework in Frameworks */ = {isa = PBXBuildFile; fileRef = 22CF116D0EE9A7700054F513 /* MaxAudioAPI.framework */; };
		834BB30E19C227C100E135AE /* cm.grainlabs~.c in Sources */ = {isa = PBXBuildFile; fileRef = 834BB30D19C227C100E135AE /* cm.grainlabs~.c */; };
		83D034781A03FA3C0050D3EF /* cmstereo_functions.c in Sources */ = {isa = PBXBuildFile; fileRef = 83D034761A03FA3C0050D3EF /* cmstereo_functions.c */; };
		83D034791A03FA3C0050D3EF /* cmutil_functions.c in Sources */ = {isa = PBXBuildFile; fileRef = 83D034771A03FA3C0050D3EF /* cmutil_functions.c */; };
		9BC096A21AE584DE00642F11 /* maxmspsdk.xcconfig in Resources */ = {isa = PBXBuildFile; fileRef = 9BC096A11AE584DE00642F11 /* maxmspsdk.xcconfig */; };
/* End PBXBuildFile section */

/* Begin PBXFileReference section */
		22CF116D0EE9A7700054F513 /* MaxAudioAPI.framework */ = {isa = PBXFileReference; lastKnownFileType = wrapper.framework; name = MaxAudioAPI.framework; path = "max6-sdk/c74support/msp-includes/MaxAudioAPI.framework"; sourceTree = SOURCE_ROOT; };
		2FBBEAE508F335360078DB84 /* cm.grainlabs~.mxo */ = {isa = PBXFileReference; explicitFileType = wrapper.cfbundle; includeInIndex = 0; path = "cm.grainlabs~.mxo"; sourceTree = BUILT_PRODUCTS_DIR; };
		834BB30D19C227C100E135AE /* cm.grainlabs~.c */ = {isa = PBXFileReference; fileEncoding = 4; lastKnownFileType = sourcecode.c.c; path = "cm.grainlabs~.c"; sourceTree = "<group>"; };
		83D034761A03FA3C0050D3EF /* cmstereo_functions.c */ = {isa = PBXFileReference; fileEncoding = 4; lastKnownFileType = sourcecode.c.c; name = cmstereo_functions.c; path = cm.library/cmstereo_functions.c; sourceTree = "<group>"; };
		83D034771A03FA3C0050D3EF /* cmutil_functions.c */ = {isa = PBXFileReference; fileEncoding = 4; lastKnownFileType = sourcecode.c.c; name = cmutil_functions.c; path = cm.library/cmutil_functions.c; sourceTree = "<group>"; };
		9BC096A11AE584DE00642F11 /* maxmspsdk.xcconfig */ = {isa = PBXFileReference; fileEncoding = 4; lastKnownFileType = text.xcconfig; name = maxmspsdk.xcconfig; path = "max6-sdk/examples/maxmspsdk.xcconfig"; sourceTree = "<group>"; };
/* End PBXFileReference section */

/* Begin PBXFrameworksBuildPhase section */
		2FBBEADC08F335360078DB84 /* Frameworks */ = {
			isa = PBXFrameworksBuildPhase;
			buildActionMask = 2147483647;
			files = (
				22CF116E0EE9A7700054F513 /* MaxAudioAPI.framework in Frameworks */,
			);
			runOnlyForDeploymentPostprocessing = 0;
		};
/* End PBXFrameworksBuildPhase section */

/* Begin PBXGroup section */
		089C166AFE841209C02AAC07 /* iterator */ = {
			isa = PBXGroup;
			children = (
				9BC096A11AE584DE00642F11 /* maxmspsdk.xcconfig */,
				834BB30D19C227C100E135AE /* cm.grainlabs~.c */,
				83D034761A03FA3C0050D3EF /* cmstereo_functions.c */,
				83D034771A03FA3C0050D3EF /* cmutil_functions.c */,
				22CF116D0EE9A7700054F513 /* MaxAudioAPI.framework */,
				19C28FB4FE9D528D11CA2CBB /* Products */,
			);
			name = iterator;
			sourceTree = "<group>";
		};
		19C28FB4FE9D528D11CA2CBB /* Products */ = {
			isa = PBXGroup;
			children = (
				2FBBEAE508F335360078DB84 /* cm.grainlabs~.mxo */,
			);
			name = Products;
			sourceTree = "<group>";
		};
/* End PBXGroup section */

/* Begin PBXHeadersBuildPhase section */
		2FBBEAD708F335360078DB84 /* Headers */ = {
			isa = PBXHeadersBuildPhase;
			buildActionMask = 2147483647;
			files = (
			);
			runOnlyForDeploymentPostprocessing = 0;
		};
/* End PBXHeadersBuildPhase section */

/* Begin PBXNativeTarget section */
		2FBBEAD608F335360078DB84 /* max-external */ = {
			isa = PBXNativeTarget;
			buildConfigurationList = 2FBBEAE008F335360078DB84 /* Build configuration list for PBXNativeTarget "max-external" */;
			buildPhases = (
				2FBBEAD708F335360078DB84 /* Headers */,
				2FBBEAD808F335360078DB84 /* Resources */,
				2FBBEADA08F335360078DB84 /* Sources */,
				2FBBEADC08F335360078DB84 /* Frameworks */,
				2FBBEADF08F335360078DB84 /* Rez */,
			);
			buildRules = (
			);
			dependencies = (
			);
			name = "max-external";
			productName = iterator;
			productReference = 2FBBEAE508F335360078DB84 /* cm.grainlabs~.mxo */;
			productType = "com.apple.product-type.bundle";
		};
/* End PBXNativeTarget section */

/* Begin PBXProject section */
		089C1669FE841209C02AAC07 /* Project object */ = {
			isa = PBXProject;
			attributes = {
				LastUpgradeCheck = 0610;
			};
			buildConfigurationList = 2FBBEACF08F335010078DB84 /* Build configuration list for PBXProject "cm.grainlabs~" */;
			compatibilityVersion = "Xcode 3.2";
			developmentRegion = English;
			hasScannedForEncodings = 1;
			knownRegions = (
				en,
			);
			mainGroup = 089C166AFE841209C02AAC07 /* iterator */;
			projectDirPath = "";
			projectRoot = "";
			targets = (
				2FBBEAD608F335360078DB84 /* max-external */,
			);
		};
/* End PBXProject section */

/* Begin PBXResourcesBuildPhase section */
		2FBBEAD808F335360078DB84 /* Resources */ = {
			isa = PBXResourcesBuildPhase;
			buildActionMask = 2147483647;
			files = (
				9BC096A21AE584DE00642F11 /* maxmspsdk.xcconfig in Resources */,
			);
			runOnlyForDeploymentPostprocessing = 0;
		};
/* End PBXResourcesBuildPhase section */

/* Begin PBXRezBuildPhase section */
		2FBBEADF08F335360078DB84 /* Rez */ = {
			isa = PBXRezBuildPhase;
			buildActionMask = 2147483647;
			files = (
			);
			runOnlyForDeploymentPostprocessing = 0;
		};
/* End PBXRezBuildPhase section */

/* Begin PBXSourcesBuildPhase section */
		2FBBEADA08F335360078DB84 /* Sources */ = {
			isa = PBXSourcesBuildPhase;
			buildActionMask = 2147483647;
			files = (
				834BB30E19C227C100E135AE /* cm.grainlabs~.c in Sources */,
				83D034781A03FA3C0050D3EF /* cmstereo_functions.c in Sources */,
				83D034791A03FA3C0050D3EF /* cmutil_functions.c in Sources */,
			);
			runOnlyForDeploymentPostprocessing = 0;
		};
/* End PBXSourcesBuildPhase section */

/* Begin XCBuildConfiguration section */
		2FBBEAD008F335010078DB84 /* Development */ = {
			isa = XCBuildConfiguration;
			buildSettings = {
				USER_HEADER_SEARCH_PATHS = "$(SRCROOT)/cm.library";
			};
			name = Development;
		};
		2FBBEAD108F335010078DB84 /* Deployment */ = {
			isa = XCBuildConfiguration;
			buildSettings = {
				USER_HEADER_SEARCH_PATHS = "$(SRCROOT)/cm.library";
			};
			name = Deployment;
		};
		2FBBEAE108F335360078DB84 /* Development */ = {
			isa = XCBuildConfiguration;
			baseConfigurationReference = 9BC096A11AE584DE00642F11 /* maxmspsdk.xcconfig */;
			buildSettings = {
				C74SUPPORT = "$(SRCROOT)/max6-sdk/c74support";
				C74_SYM_LINKER_FLAGS = "@$(C74SUPPORT)/max-includes/c74_linker_flags.txt";
				COMBINE_HIDPI_IMAGES = YES;
				COPY_PHASE_STRIP = NO;
				DSTROOT = "$(SRCROOT)/../sdk-build/externals";
				FRAMEWORK_SEARCH_PATHS = (
					"$(inherited)",
					"\"$(SRCROOT)/max6-sdk/c74support/msp-includes\"",
				);
				GCC_OPTIMIZATION_LEVEL = 0;
				GCC_PREFIX_HEADER = "$(C74SUPPORT)/max-includes/macho-prefix.pch";
				HEADER_SEARCH_PATHS = (
					"\"$(C74SUPPORT)/max-includes\"",
					"\"$(C74SUPPORT)/msp-includes\"",
					"\"$(C74SUPPORT)/jit-includes\"",
				);
				INFOPLIST_FILE = "$(SRCROOT)/max6-sdk/examples/Info.plist";
				INSTALL_PATH = /;
				MACOSX_DEPLOYMENT_TARGET = 10.6;
				OTHER_LDFLAGS = "$(C74_SYM_LINKER_FLAGS)";
				PRODUCT_NAME = "cm.grainlabs~";
				PRODUCT_VERSION = 6.1.4;
				USER_HEADER_SEARCH_PATHS = "$(SRCROOT)/cm.library";
				WRAPPER_EXTENSION = mxo;
			};
			name = Development;
		};
		2FBBEAE208F335360078DB84 /* Deployment */ = {
			isa = XCBuildConfiguration;
			baseConfigurationReference = 9BC096A11AE584DE00642F11 /* maxmspsdk.xcconfig */;
			buildSettings = {
				C74SUPPORT = "$(SRCROOT)/max6-sdk/c74support";
				C74_SYM_LINKER_FLAGS = "@$(C74SUPPORT)/max-includes/c74_linker_flags.txt";
				COMBINE_HIDPI_IMAGES = YES;
				COPY_PHASE_STRIP = YES;
				DSTROOT = "$(SRCROOT)/../sdk-build/externals";
				FRAMEWORK_SEARCH_PATHS = (
					"$(inherited)",
					"\"$(SRCROOT)/max6-sdk/c74support/msp-includes\"",
				);
				GCC_PREFIX_HEADER = "$(C74SUPPORT)/max-includes/macho-prefix.pch";
				HEADER_SEARCH_PATHS = (
					"\"$(C74SUPPORT)/max-includes\"",
					"\"$(C74SUPPORT)/msp-includes\"",
					"\"$(C74SUPPORT)/jit-includes\"",
				);
				INFOPLIST_FILE = "$(SRCROOT)/max6-sdk/examples/Info.plist";
				INSTALL_PATH = /;
				MACOSX_DEPLOYMENT_TARGET = 10.6;
				OTHER_LDFLAGS = "$(C74_SYM_LINKER_FLAGS)";
				PRODUCT_NAME = "cm.grainlabs~";
				PRODUCT_VERSION = 6.1.4;
				USER_HEADER_SEARCH_PATHS = "$(SRCROOT)/cm.library";
				WRAPPER_EXTENSION = mxo;
			};
			name = Deployment;
		};
/* End XCBuildConfiguration section */

/* Begin XCConfigurationList section */
		2FBBEACF08F335010078DB84 /* Build configuration list for PBXProject "cm.grainlabs~" */ = {
			isa = XCConfigurationList;
			buildConfigurations = (
				2FBBEAD008F335010078DB84 /* Development */,
				2FBBEAD108F335010078DB84 /* Deployment */,
			);
			defaultConfigurationIsVisible = 0;
			defaultConfigurationName = Development;
		};
		2FBBEAE008F335360078DB84 /* Build configuration list for PBXNativeTarget "max-external" */ = {
			isa = XCConfigurationList;
			buildConfigurations = (
				2FBBEAE108F335360078DB84 /* Development */,
				2FBBEAE208F335360078DB84 /* Deployment */,
			);
			defaultConfigurationIsVisible = 0;
			defaultConfigurationName = Development;
		};
/* End XCConfigurationList section */
	};
	rootObject = 089C1669FE841209C02AAC07 /* Project object */;
}
